
Microsoft Visual Studio Solution File, Format Version 12.00
# Visual Studio Version 17
VisualStudioVersion = 17.6.33801.468
MinimumVisualStudioVersion = 10.0.40219.1
Project("{FAE04EC0-301F-11D3-BF4B-00C04F79EFBC}") = "EFGetStarted", "EFGetStarted.csproj", "{C5BEEBD1-4220-4887-B643-3C0AA5EB4996}"
EndProject
Global
	GlobalSection(SolutionConfigurationPlatforms) = preSolution
		Debug|Any CPU = Debug|Any CPU
		Release|Any CPU = Release|Any CPU
	EndGlobalSection
	GlobalSection(ProjectConfigurationPlatforms) = postSolution
		{C5BEEBD1-4220-4887-B643-3C0AA5EB4996}.Debug|Any CPU.ActiveCfg = Debug|Any CPU
		{C5BEEBD1-4220-4887-B643-3C0AA5EB4996}.Debug|Any CPU.Build.0 = Debug|Any CPU
		{C5BEEBD1-4220-4887-B643-3C0AA5EB4996}.Release|Any CPU.ActiveCfg = Release|Any CPU
		{C5BEEBD1-4220-4887-B643-3C0AA5EB4996}.Release|Any CPU.Build.0 = Release|Any CPU
	EndGlobalSection
	GlobalSection(SolutionProperties) = preSolution
		HideSolutionNode = FALSE
	EndGlobalSection
	GlobalSection(ExtensibilityGlobals) = postSolution
		SolutionGuid = {850AF637-5715-4F44-B00E-F163B0CD99DE}
	EndGlobalSection
EndGlobal
